
Microsoft Visual Studio Solution File, Format Version 12.00
# Visual Studio 15
VisualStudioVersion = 15.0.28307.421
MinimumVisualStudioVersion = 10.0.40219.1
Project("{FAE04EC0-301F-11D3-BF4B-00C04F79EFBC}") = "LeftRotation", "LeftRotation\LeftRotation.csproj", "{BE5A4A32-711D-4B22-A154-144F4A20CD1B}"
EndProject
Project("{FAE04EC0-301F-11D3-BF4B-00C04F79EFBC}") = "LeftRotation.UnitTests", "LeftRotation.UnitTests\LeftRotation.UnitTests.csproj", "{ABDB224C-994B-4A59-8DCA-B6077C6E55EA}"
EndProject
Global
	GlobalSection(SolutionConfigurationPlatforms) = preSolution
		Debug|Any CPU = Debug|Any CPU
		Release|Any CPU = Release|Any CPU
	EndGlobalSection
	GlobalSection(ProjectConfigurationPlatforms) = postSolution
		{BE5A4A32-711D-4B22-A154-144F4A20CD1B}.Debug|Any CPU.ActiveCfg = Debug|Any CPU
		{BE5A4A32-711D-4B22-A154-144F4A20CD1B}.Debug|Any CPU.Build.0 = Debug|Any CPU
		{BE5A4A32-711D-4B22-A154-144F4A20CD1B}.Release|Any CPU.ActiveCfg = Release|Any CPU
		{BE5A4A32-711D-4B22-A154-144F4A20CD1B}.Release|Any CPU.Build.0 = Release|Any CPU
		{ABDB224C-994B-4A59-8DCA-B6077C6E55EA}.Debug|Any CPU.ActiveCfg = Debug|Any CPU
		{ABDB224C-994B-4A59-8DCA-B6077C6E55EA}.Debug|Any CPU.Build.0 = Debug|Any CPU
		{ABDB224C-994B-4A59-8DCA-B6077C6E55EA}.Release|Any CPU.ActiveCfg = Release|Any CPU
		{ABDB224C-994B-4A59-8DCA-B6077C6E55EA}.Release|Any CPU.Build.0 = Release|Any CPU
	EndGlobalSection
	GlobalSection(SolutionProperties) = preSolution
		HideSolutionNode = FALSE
	EndGlobalSection
	GlobalSection(ExtensibilityGlobals) = postSolution
		SolutionGuid = {20C8FB4F-FFAE-48B9-9F24-FC95E5A11FBC}
	EndGlobalSection
EndGlobal
