
Microsoft Visual Studio Solution File, Format Version 12.00
# Visual Studio 15
VisualStudioVersion = 15.0.28307.421
MinimumVisualStudioVersion = 10.0.40219.1
Project("{FAE04EC0-301F-11D3-BF4B-00C04F79EFBC}") = "ArrayManipulation", "ArrayManipulation\ArrayManipulation.csproj", "{22FFFD83-211F-4EEE-8AC6-CE81B9B81A10}"
EndProject
Project("{FAE04EC0-301F-11D3-BF4B-00C04F79EFBC}") = "ArrayManipulation.UnitTests", "ArrayManipulation.UnitTests\ArrayManipulation.UnitTests.csproj", "{C2A3F39D-7435-4C10-8AC2-7CD8158CB9ED}"
EndProject
Global
	GlobalSection(SolutionConfigurationPlatforms) = preSolution
		Debug|Any CPU = Debug|Any CPU
		Release|Any CPU = Release|Any CPU
	EndGlobalSection
	GlobalSection(ProjectConfigurationPlatforms) = postSolution
		{22FFFD83-211F-4EEE-8AC6-CE81B9B81A10}.Debug|Any CPU.ActiveCfg = Debug|Any CPU
		{22FFFD83-211F-4EEE-8AC6-CE81B9B81A10}.Debug|Any CPU.Build.0 = Debug|Any CPU
		{22FFFD83-211F-4EEE-8AC6-CE81B9B81A10}.Release|Any CPU.ActiveCfg = Release|Any CPU
		{22FFFD83-211F-4EEE-8AC6-CE81B9B81A10}.Release|Any CPU.Build.0 = Release|Any CPU
		{C2A3F39D-7435-4C10-8AC2-7CD8158CB9ED}.Debug|Any CPU.ActiveCfg = Debug|Any CPU
		{C2A3F39D-7435-4C10-8AC2-7CD8158CB9ED}.Debug|Any CPU.Build.0 = Debug|Any CPU
		{C2A3F39D-7435-4C10-8AC2-7CD8158CB9ED}.Release|Any CPU.ActiveCfg = Release|Any CPU
		{C2A3F39D-7435-4C10-8AC2-7CD8158CB9ED}.Release|Any CPU.Build.0 = Release|Any CPU
	EndGlobalSection
	GlobalSection(SolutionProperties) = preSolution
		HideSolutionNode = FALSE
	EndGlobalSection
	GlobalSection(ExtensibilityGlobals) = postSolution
		SolutionGuid = {6A89EE5C-55FA-4F1E-9656-5EE791E0B68E}
	EndGlobalSection
EndGlobal
