
Microsoft Visual Studio Solution File, Format Version 12.00
# Visual Studio 15
VisualStudioVersion = 15.0.28307.421
MinimumVisualStudioVersion = 10.0.40219.1
Project("{FAE04EC0-301F-11D3-BF4B-00C04F79EFBC}") = "JumpingOnTheClouds", "JumpingOnTheClouds\JumpingOnTheClouds.csproj", "{326F2069-5304-49E1-93BD-99FD6309F332}"
EndProject
Project("{FAE04EC0-301F-11D3-BF4B-00C04F79EFBC}") = "JumpingOnTheClouds.UnitTests", "JumpingOnTheClouds.UnitTests\JumpingOnTheClouds.UnitTests.csproj", "{6697A3A0-A7DF-4E33-85F6-A6F1A05615A4}"
EndProject
Global
	GlobalSection(SolutionConfigurationPlatforms) = preSolution
		Debug|Any CPU = Debug|Any CPU
		Release|Any CPU = Release|Any CPU
	EndGlobalSection
	GlobalSection(ProjectConfigurationPlatforms) = postSolution
		{326F2069-5304-49E1-93BD-99FD6309F332}.Debug|Any CPU.ActiveCfg = Debug|Any CPU
		{326F2069-5304-49E1-93BD-99FD6309F332}.Debug|Any CPU.Build.0 = Debug|Any CPU
		{326F2069-5304-49E1-93BD-99FD6309F332}.Release|Any CPU.ActiveCfg = Release|Any CPU
		{326F2069-5304-49E1-93BD-99FD6309F332}.Release|Any CPU.Build.0 = Release|Any CPU
		{6697A3A0-A7DF-4E33-85F6-A6F1A05615A4}.Debug|Any CPU.ActiveCfg = Debug|Any CPU
		{6697A3A0-A7DF-4E33-85F6-A6F1A05615A4}.Debug|Any CPU.Build.0 = Debug|Any CPU
		{6697A3A0-A7DF-4E33-85F6-A6F1A05615A4}.Release|Any CPU.ActiveCfg = Release|Any CPU
		{6697A3A0-A7DF-4E33-85F6-A6F1A05615A4}.Release|Any CPU.Build.0 = Release|Any CPU
	EndGlobalSection
	GlobalSection(SolutionProperties) = preSolution
		HideSolutionNode = FALSE
	EndGlobalSection
	GlobalSection(ExtensibilityGlobals) = postSolution
		SolutionGuid = {0084EF44-903B-43A9-A950-72364450FEB6}
	EndGlobalSection
EndGlobal
