
Microsoft Visual Studio Solution File, Format Version 12.00
# Visual Studio 15
VisualStudioVersion = 15.0.28307.421
MinimumVisualStudioVersion = 10.0.40219.1
Project("{FAE04EC0-301F-11D3-BF4B-00C04F79EFBC}") = "SherlockAndAnagrams", "SherlockAndAnagrams\SherlockAndAnagrams.csproj", "{1664D422-456A-4DD8-9907-8DA205731EE9}"
EndProject
Project("{FAE04EC0-301F-11D3-BF4B-00C04F79EFBC}") = "SherlockAndAnagrams.UnitTests", "SherlockAndAnagrams.UnitTests\SherlockAndAnagrams.UnitTests.csproj", "{DFF56AB7-29B2-4534-8791-938CF80AB4A6}"
EndProject
Global
	GlobalSection(SolutionConfigurationPlatforms) = preSolution
		Debug|Any CPU = Debug|Any CPU
		Release|Any CPU = Release|Any CPU
	EndGlobalSection
	GlobalSection(ProjectConfigurationPlatforms) = postSolution
		{1664D422-456A-4DD8-9907-8DA205731EE9}.Debug|Any CPU.ActiveCfg = Debug|Any CPU
		{1664D422-456A-4DD8-9907-8DA205731EE9}.Debug|Any CPU.Build.0 = Debug|Any CPU
		{1664D422-456A-4DD8-9907-8DA205731EE9}.Release|Any CPU.ActiveCfg = Release|Any CPU
		{1664D422-456A-4DD8-9907-8DA205731EE9}.Release|Any CPU.Build.0 = Release|Any CPU
		{DFF56AB7-29B2-4534-8791-938CF80AB4A6}.Debug|Any CPU.ActiveCfg = Debug|Any CPU
		{DFF56AB7-29B2-4534-8791-938CF80AB4A6}.Debug|Any CPU.Build.0 = Debug|Any CPU
		{DFF56AB7-29B2-4534-8791-938CF80AB4A6}.Release|Any CPU.ActiveCfg = Release|Any CPU
		{DFF56AB7-29B2-4534-8791-938CF80AB4A6}.Release|Any CPU.Build.0 = Release|Any CPU
	EndGlobalSection
	GlobalSection(SolutionProperties) = preSolution
		HideSolutionNode = FALSE
	EndGlobalSection
	GlobalSection(ExtensibilityGlobals) = postSolution
		SolutionGuid = {A82D5B1F-777A-4B45-B546-87743E7CBF4D}
	EndGlobalSection
EndGlobal
