
Microsoft Visual Studio Solution File, Format Version 12.00
# Visual Studio 15
VisualStudioVersion = 15.0.28307.421
MinimumVisualStudioVersion = 10.0.40219.1
Project("{FAE04EC0-301F-11D3-BF4B-00C04F79EFBC}") = "CountingValleys", "CountingValleys\CountingValleys.csproj", "{4C5BCCBB-E6EA-4EB6-8132-794CDD3A934B}"
EndProject
Project("{9A19103F-16F7-4668-BE54-9A1E7A4F7556}") = "CountingValleys.UnitTests", "CountingValleys.UnitTests\CountingValleys.UnitTests.csproj", "{8495DB7E-4061-4AB2-A4B2-FC780FB86F8D}"
EndProject
Global
	GlobalSection(SolutionConfigurationPlatforms) = preSolution
		Debug|Any CPU = Debug|Any CPU
		Release|Any CPU = Release|Any CPU
	EndGlobalSection
	GlobalSection(ProjectConfigurationPlatforms) = postSolution
		{4C5BCCBB-E6EA-4EB6-8132-794CDD3A934B}.Debug|Any CPU.ActiveCfg = Debug|Any CPU
		{4C5BCCBB-E6EA-4EB6-8132-794CDD3A934B}.Debug|Any CPU.Build.0 = Debug|Any CPU
		{4C5BCCBB-E6EA-4EB6-8132-794CDD3A934B}.Release|Any CPU.ActiveCfg = Release|Any CPU
		{4C5BCCBB-E6EA-4EB6-8132-794CDD3A934B}.Release|Any CPU.Build.0 = Release|Any CPU
		{8495DB7E-4061-4AB2-A4B2-FC780FB86F8D}.Debug|Any CPU.ActiveCfg = Debug|Any CPU
		{8495DB7E-4061-4AB2-A4B2-FC780FB86F8D}.Debug|Any CPU.Build.0 = Debug|Any CPU
		{8495DB7E-4061-4AB2-A4B2-FC780FB86F8D}.Release|Any CPU.ActiveCfg = Release|Any CPU
		{8495DB7E-4061-4AB2-A4B2-FC780FB86F8D}.Release|Any CPU.Build.0 = Release|Any CPU
	EndGlobalSection
	GlobalSection(SolutionProperties) = preSolution
		HideSolutionNode = FALSE
	EndGlobalSection
	GlobalSection(ExtensibilityGlobals) = postSolution
		SolutionGuid = {F06A6B25-6406-4924-A550-244B883B2D82}
	EndGlobalSection
EndGlobal
